
Microsoft Visual Studio Solution File, Format Version 12.00
# Visual Studio Version 17
VisualStudioVersion = 17.0.32126.317
MinimumVisualStudioVersion = 10.0.40219.1
Project("{FAE04EC0-301F-11D3-BF4B-00C04F79EFBC}") = "HiFiveTravel", "HiFiveTravel\HiFiveTravel.csproj", "{F7A38082-3F17-4FD4-8EBD-0553ED707110}"
EndProject
Global
	GlobalSection(SolutionConfigurationPlatforms) = preSolution
		Debug|Any CPU = Debug|Any CPU
		Release|Any CPU = Release|Any CPU
	EndGlobalSection
	GlobalSection(ProjectConfigurationPlatforms) = postSolution
		{F7A38082-3F17-4FD4-8EBD-0553ED707110}.Debug|Any CPU.ActiveCfg = Debug|Any CPU
		{F7A38082-3F17-4FD4-8EBD-0553ED707110}.Debug|Any CPU.Build.0 = Debug|Any CPU
		{F7A38082-3F17-4FD4-8EBD-0553ED707110}.Release|Any CPU.ActiveCfg = Release|Any CPU
		{F7A38082-3F17-4FD4-8EBD-0553ED707110}.Release|Any CPU.Build.0 = Release|Any CPU
	EndGlobalSection
	GlobalSection(SolutionProperties) = preSolution
		HideSolutionNode = FALSE
	EndGlobalSection
	GlobalSection(ExtensibilityGlobals) = postSolution
		SolutionGuid = {24AA1817-F7E7-464C-B89D-8B9D95228C68}
	EndGlobalSection
EndGlobal
